version = 1
revision = 3
requires-python = ">=3.8"
resolution-markers = [
    "python_full_version >= '3.10'",
    "python_full_version == '3.9.*'",
    "python_full_version < '3.9'",
]

[[package]]
name = "colorama"
version = "0.4.6"
source = { registry = "https://pypi.org/simple" }
sdist = { url = "https://files.pythonhosted.org/packages/d8/53/6f443c9a4a8358a93a6792e2acffb9d9d5cb0a5cfd8802644b7b1c9a02e4/colorama-0.4.6.tar.gz", hash = "sha256:08695f5cb7ed6e0531a20572697297273c47b8cae5a63ffc6d6ed5c201be6e44", size = 27697, upload-time = "2022-10-25T02:36:22.414Z" }
wheels = [
    { url = "https://files.pythonhosted.org/packages/d1/d6/3965ed04c63042e047cb6a3e6ed1a63a35087b6a609aa3a15ed8ac56c221/colorama-0.4.6-py2.py3-none-any.whl", hash = "sha256:4f1d9991f5acc0ca119f9d443620b77f9d6b33703e51011c16baf57afb285fc6", size = 25335, upload-time = "2022-10-25T02:36:20.889Z" },
]

[[package]]
name = "docstring-parser"
version = "0.17.0"
source = { registry = "https://pypi.org/simple" }
sdist = { url = "https://files.pythonhosted.org/packages/b2/9d/c3b43da9515bd270df0f80548d9944e389870713cc1fe2b8fb35fe2bcefd/docstring_parser-0.17.0.tar.gz", hash = "sha256:583de4a309722b3315439bb31d64ba3eebada841f2e2cee23b99df001434c912", size = 27442, upload-time = "2025-07-21T07:35:01.868Z" }
wheels = [
    { url = "https://files.pythonhosted.org/packages/55/e2/2537ebcff11c1ee1ff17d8d0b6f4db75873e3b0fb32c2d4a2ee31ecb310a/docstring_parser-0.17.0-py3-none-any.whl", hash = "sha256:cf2569abd23dce8099b300f9b4fa8191e9582dda731fd533daf54c4551658708", size = 36896, upload-time = "2025-07-21T07:35:00.684Z" },
]

[[package]]
name = "eval-type-backport"
version = "0.2.2"
source = { registry = "https://pypi.org/simple" }
sdist = { url = "https://files.pythonhosted.org/packages/30/ea/8b0ac4469d4c347c6a385ff09dc3c048c2d021696664e26c7ee6791631b5/eval_type_backport-0.2.2.tar.gz", hash = "sha256:f0576b4cf01ebb5bd358d02314d31846af5e07678387486e2c798af0e7d849c1", size = 9079, upload-time = "2024-12-21T20:09:46.005Z" }
wheels = [
    { url = "https://files.pythonhosted.org/packages/ce/31/55cd413eaccd39125368be33c46de24a1f639f2e12349b0361b4678f3915/eval_type_backport-0.2.2-py3-none-any.whl", hash = "sha256:cb6ad7c393517f476f96d456d0412ea80f0a8cf96f6892834cd9340149111b0a", size = 5830, upload-time = "2024-12-21T20:09:44.175Z" },
]

[[package]]
name = "importlib-metadata"
version = "8.5.0"
source = { registry = "https://pypi.org/simple" }
resolution-markers = [
    "python_full_version < '3.9'",
]
dependencies = [
    { name = "zipp", version = "3.20.2", source = { registry = "https://pypi.org/simple" }, marker = "python_full_version < '3.9'" },
]
sdist = { url = "https://files.pythonhosted.org/packages/cd/12/33e59336dca5be0c398a7482335911a33aa0e20776128f038019f1a95f1b/importlib_metadata-8.5.0.tar.gz", hash = "sha256:71522656f0abace1d072b9e5481a48f07c138e00f079c38c8f883823f9c26bd7", size = 55304, upload-time = "2024-09-11T14:56:08.937Z" }
wheels = [
    { url = "https://files.pythonhosted.org/packages/a0/d9/a1e041c5e7caa9a05c925f4bdbdfb7f006d1f74996af53467bc394c97be7/importlib_metadata-8.5.0-py3-none-any.whl", hash = "sha256:45e54197d28b7a7f1559e60b95e7c567032b602131fbd588f1497f47880aa68b", size = 26514, upload-time = "2024-09-11T14:56:07.019Z" },
]

[[package]]
name = "importlib-metadata"
version = "8.7.0"
source = { registry = "https://pypi.org/simple" }
resolution-markers = [
    "python_full_version == '3.9.*'",
]
dependencies = [
    { name = "zipp", version = "3.23.0", source = { registry = "https://pypi.org/simple" }, marker = "python_full_version == '3.9.*'" },
]
sdist = { url = "https://files.pythonhosted.org/packages/76/66/650a33bd90f786193e4de4b3ad86ea60b53c89b669a5c7be931fac31cdb0/importlib_metadata-8.7.0.tar.gz", hash = "sha256:d13b81ad223b890aa16c5471f2ac3056cf76c5f10f82d6f9292f0b415f389000", size = 56641, upload-time = "2025-04-27T15:29:01.736Z" }
wheels = [
    { url = "https://files.pythonhosted.org/packages/20/b0/36bd937216ec521246249be3bf9855081de4c5e06a0c9b4219dbeda50373/importlib_metadata-8.7.0-py3-none-any.whl", hash = "sha256:e5dd1551894c77868a30651cef00984d50e1002d06942a7101d34870c5f02afd", size = 27656, upload-time = "2025-04-27T15:29:00.214Z" },
]

[[package]]
name = "markdown-it-py"
version = "3.0.0"
source = { registry = "https://pypi.org/simple" }
resolution-markers = [
    "python_full_version == '3.9.*'",
    "python_full_version < '3.9'",
]
dependencies = [
    { name = "mdurl", marker = "python_full_version < '3.10'" },
]
sdist = { url = "https://files.pythonhosted.org/packages/38/71/3b932df36c1a044d397a1f92d1cf91ee0a503d91e470cbd670aa66b07ed0/markdown-it-py-3.0.0.tar.gz", hash = "sha256:e3f60a94fa066dc52ec76661e37c851cb232d92f9886b15cb560aaada2df8feb", size = 74596, upload-time = "2023-06-03T06:41:14.443Z" }
wheels = [
    { url = "https://files.pythonhosted.org/packages/42/d7/1ec15b46af6af88f19b8e5ffea08fa375d433c998b8a7639e76935c14f1f/markdown_it_py-3.0.0-py3-none-any.whl", hash = "sha256:355216845c60bd96232cd8d8c40e8f9765cc86f46880e43a8fd22dc1a1a8cab1", size = 87528, upload-time = "2023-06-03T06:41:11.019Z" },
]

[[package]]
name = "markdown-it-py"
version = "4.0.0"
source = { registry = "https://pypi.org/simple" }
resolution-markers = [
    "python_full_version >= '3.10'",
]
dependencies = [
    { name = "mdurl", marker = "python_full_version >= '3.10'" },
]
sdist = { url = "https://files.pythonhosted.org/packages/5b/f5/4ec618ed16cc4f8fb3b701563655a69816155e79e24a17b651541804721d/markdown_it_py-4.0.0.tar.gz", hash = "sha256:cb0a2b4aa34f932c007117b194e945bd74e0ec24133ceb5bac59009cda1cb9f3", size = 73070, upload-time = "2025-08-11T12:57:52.854Z" }
wheels = [
    { url = "https://files.pythonhosted.org/packages/94/54/e7d793b573f298e1c9013b8c4dade17d481164aa517d1d7148619c2cedbf/markdown_it_py-4.0.0-py3-none-any.whl", hash = "sha256:87327c59b172c5011896038353a81343b6754500a08cd7a4973bb48c6d578147", size = 87321, upload-time = "2025-08-11T12:57:51.923Z" },
]

[[package]]
name = "mdurl"
version = "0.1.2"
source = { registry = "https://pypi.org/simple" }
sdist = { url = "https://files.pythonhosted.org/packages/d6/54/cfe61301667036ec958cb99bd3efefba235e65cdeb9c84d24a8293ba1d90/mdurl-0.1.2.tar.gz", hash = "sha256:bb413d29f5eea38f31dd4754dd7377d4465116fb207585f97bf925588687c1ba", size = 8729, upload-time = "2022-08-14T12:40:10.846Z" }
wheels = [
    { url = "https://files.pythonhosted.org/packages/b3/38/89ba8ad64ae25be8de66a6d463314cf1eb366222074cfda9ee839c56a4b4/mdurl-0.1.2-py3-none-any.whl", hash = "sha256:84008a41e51615a49fc9966191ff91509e3c40b939176e643fd50a5c2196b8f8", size = 9979, upload-time = "2022-08-14T12:40:09.779Z" },
]

[[package]]
name = "pygments"
version = "2.19.2"
source = { registry = "https://pypi.org/simple" }
sdist = { url = "https://files.pythonhosted.org/packages/b0/77/a5b8c569bf593b0140bde72ea885a803b82086995367bf2037de0159d924/pygments-2.19.2.tar.gz", hash = "sha256:636cb2477cec7f8952536970bc533bc43743542f70392ae026374600add5b887", size = 4968631, upload-time = "2025-06-21T13:39:12.283Z" }
wheels = [
    { url = "https://files.pythonhosted.org/packages/c7/21/705964c7812476f378728bdf590ca4b771ec72385c533964653c68e86bdc/pygments-2.19.2-py3-none-any.whl", hash = "sha256:86540386c03d588bb81d44bc3928634ff26449851e99741617ecb9037ee5ec0b", size = 1225217, upload-time = "2025-06-21T13:39:07.939Z" },
]

[[package]]
name = "pypatree"
version = "0.1.0"
source = { editable = "." }
dependencies = [
    { name = "setuptools", version = "75.3.2", source = { registry = "https://pypi.org/simple" }, marker = "python_full_version < '3.9'" },
    { name = "setuptools", version = "80.9.0", source = { registry = "https://pypi.org/simple" }, marker = "python_full_version >= '3.9'" },
    { name = "tyro" },
]

[package.dev-dependencies]
dev = [
    { name = "ruff" },
]

[package.metadata]
requires-dist = [
    { name = "setuptools", specifier = ">=75.3.2" },
    { name = "tyro", specifier = ">=0.9.35" },
]

[package.metadata.requires-dev]
dev = [{ name = "ruff", specifier = ">=0.14.4" }]

[[package]]
name = "rich"
version = "14.2.0"
source = { registry = "https://pypi.org/simple" }
dependencies = [
    { name = "markdown-it-py", version = "3.0.0", source = { registry = "https://pypi.org/simple" }, marker = "python_full_version < '3.10'" },
    { name = "markdown-it-py", version = "4.0.0", source = { registry = "https://pypi.org/simple" }, marker = "python_full_version >= '3.10'" },
    { name = "pygments" },
]
sdist = { url = "https://files.pythonhosted.org/packages/fb/d2/8920e102050a0de7bfabeb4c4614a49248cf8d5d7a8d01885fbb24dc767a/rich-14.2.0.tar.gz", hash = "sha256:73ff50c7c0c1c77c8243079283f4edb376f0f6442433aecb8ce7e6d0b92d1fe4", size = 219990, upload-time = "2025-10-09T14:16:53.064Z" }
wheels = [
    { url = "https://files.pythonhosted.org/packages/25/7a/b0178788f8dc6cafce37a212c99565fa1fe7872c70c6c9c1e1a372d9d88f/rich-14.2.0-py3-none-any.whl", hash = "sha256:76bc51fe2e57d2b1be1f96c524b890b816e334ab4c1e45888799bfaab0021edd", size = 243393, upload-time = "2025-10-09T14:16:51.245Z" },
]

[[package]]
name = "ruff"
version = "0.14.4"
source = { registry = "https://pypi.org/simple" }
sdist = { url = "https://files.pythonhosted.org/packages/df/55/cccfca45157a2031dcbb5a462a67f7cf27f8b37d4b3b1cd7438f0f5c1df6/ruff-0.14.4.tar.gz", hash = "sha256:f459a49fe1085a749f15414ca76f61595f1a2cc8778ed7c279b6ca2e1fd19df3", size = 5587844, upload-time = "2025-11-06T22:07:45.033Z" }
wheels = [
    { url = "https://files.pythonhosted.org/packages/17/b9/67240254166ae1eaa38dec32265e9153ac53645a6c6670ed36ad00722af8/ruff-0.14.4-py3-none-linux_armv6l.whl", hash = "sha256:e6604613ffbcf2297cd5dcba0e0ac9bd0c11dc026442dfbb614504e87c349518", size = 12606781, upload-time = "2025-11-06T22:07:01.841Z" },
    { url = "https://files.pythonhosted.org/packages/46/c8/09b3ab245d8652eafe5256ab59718641429f68681ee713ff06c5c549f156/ruff-0.14.4-py3-none-macosx_10_12_x86_64.whl", hash = "sha256:d99c0b52b6f0598acede45ee78288e5e9b4409d1ce7f661f0fa36d4cbeadf9a4", size = 12946765, upload-time = "2025-11-06T22:07:05.858Z" },
    { url = "https://files.pythonhosted.org/packages/14/bb/1564b000219144bf5eed2359edc94c3590dd49d510751dad26202c18a17d/ruff-0.14.4-py3-none-macosx_11_0_arm64.whl", hash = "sha256:9358d490ec030f1b51d048a7fd6ead418ed0826daf6149e95e30aa67c168af33", size = 11928120, upload-time = "2025-11-06T22:07:08.023Z" },
    { url = "https://files.pythonhosted.org/packages/a3/92/d5f1770e9988cc0742fefaa351e840d9aef04ec24ae1be36f333f96d5704/ruff-0.14.4-py3-none-manylinux_2_17_aarch64.manylinux2014_aarch64.whl", hash = "sha256:81b40d27924f1f02dfa827b9c0712a13c0e4b108421665322218fc38caf615c2", size = 12370877, upload-time = "2025-11-06T22:07:10.015Z" },
    { url = "https://files.pythonhosted.org/packages/e2/29/e9282efa55f1973d109faf839a63235575519c8ad278cc87a182a366810e/ruff-0.14.4-py3-none-manylinux_2_17_armv7l.manylinux2014_armv7l.whl", hash = "sha256:f5e649052a294fe00818650712083cddc6cc02744afaf37202c65df9ea52efa5", size = 12408538, upload-time = "2025-11-06T22:07:13.085Z" },
    { url = "https://files.pythonhosted.org/packages/8e/01/930ed6ecfce130144b32d77d8d69f5c610e6d23e6857927150adf5d7379a/ruff-0.14.4-py3-none-manylinux_2_17_i686.manylinux2014_i686.whl", hash = "sha256:aa082a8f878deeba955531f975881828fd6afd90dfa757c2b0808aadb437136e", size = 13141942, upload-time = "2025-11-06T22:07:15.386Z" },
    { url = "https://files.pythonhosted.org/packages/6a/46/a9c89b42b231a9f487233f17a89cbef9d5acd538d9488687a02ad288fa6b/ruff-0.14.4-py3-none-manylinux_2_17_ppc64.manylinux2014_ppc64.whl", hash = "sha256:1043c6811c2419e39011890f14d0a30470f19d47d197c4858b2787dfa698f6c8", size = 14544306, upload-time = "2025-11-06T22:07:17.631Z" },
    { url = "https://files.pythonhosted.org/packages/78/96/9c6cf86491f2a6d52758b830b89b78c2ae61e8ca66b86bf5a20af73d20e6/ruff-0.14.4-py3-none-manylinux_2_17_ppc64le.manylinux2014_ppc64le.whl", hash = "sha256:a9f3a936ac27fb7c2a93e4f4b943a662775879ac579a433291a6f69428722649", size = 14210427, upload-time = "2025-11-06T22:07:19.832Z" },
    { url = "https://files.pythonhosted.org/packages/71/f4/0666fe7769a54f63e66404e8ff698de1dcde733e12e2fd1c9c6efb689cb5/ruff-0.14.4-py3-none-manylinux_2_17_s390x.manylinux2014_s390x.whl", hash = "sha256:95643ffd209ce78bc113266b88fba3d39e0461f0cbc8b55fb92505030fb4a850", size = 13658488, upload-time = "2025-11-06T22:07:22.32Z" },
    { url = "https://files.pythonhosted.org/packages/ee/79/6ad4dda2cfd55e41ac9ed6d73ef9ab9475b1eef69f3a85957210c74ba12c/ruff-0.14.4-py3-none-manylinux_2_17_x86_64.manylinux2014_x86_64.whl", hash = "sha256:456daa2fa1021bc86ca857f43fe29d5d8b3f0e55e9f90c58c317c1dcc2afc7b5", size = 13354908, upload-time = "2025-11-06T22:07:24.347Z" },
    { url = "https://files.pythonhosted.org/packages/b5/60/f0b6990f740bb15c1588601d19d21bcc1bd5de4330a07222041678a8e04f/ruff-0.14.4-py3-none-manylinux_2_31_riscv64.whl", hash = "sha256:f911bba769e4a9f51af6e70037bb72b70b45a16db5ce73e1f72aefe6f6d62132", size = 13587803, upload-time = "2025-11-06T22:07:26.327Z" },
    { url = "https://files.pythonhosted.org/packages/c9/da/eaaada586f80068728338e0ef7f29ab3e4a08a692f92eb901a4f06bbff24/ruff-0.14.4-py3-none-musllinux_1_2_aarch64.whl", hash = "sha256:76158a7369b3979fa878612c623a7e5430c18b2fd1c73b214945c2d06337db67", size = 12279654, upload-time = "2025-11-06T22:07:28.46Z" },
    { url = "https://files.pythonhosted.org/packages/66/d4/b1d0e82cf9bf8aed10a6d45be47b3f402730aa2c438164424783ac88c0ed/ruff-0.14.4-py3-none-musllinux_1_2_armv7l.whl", hash = "sha256:f3b8f3b442d2b14c246e7aeca2e75915159e06a3540e2f4bed9f50d062d24469", size = 12357520, upload-time = "2025-11-06T22:07:31.468Z" },
    { url = "https://files.pythonhosted.org/packages/04/f4/53e2b42cc82804617e5c7950b7079d79996c27e99c4652131c6a1100657f/ruff-0.14.4-py3-none-musllinux_1_2_i686.whl", hash = "sha256:c62da9a06779deecf4d17ed04939ae8b31b517643b26370c3be1d26f3ef7dbde", size = 12719431, upload-time = "2025-11-06T22:07:33.831Z" },
    { url = "https://files.pythonhosted.org/packages/a2/94/80e3d74ed9a72d64e94a7b7706b1c1ebaa315ef2076fd33581f6a1cd2f95/ruff-0.14.4-py3-none-musllinux_1_2_x86_64.whl", hash = "sha256:5a443a83a1506c684e98acb8cb55abaf3ef725078be40237463dae4463366349", size = 13464394, upload-time = "2025-11-06T22:07:35.905Z" },
    { url = "https://files.pythonhosted.org/packages/54/1a/a49f071f04c42345c793d22f6cf5e0920095e286119ee53a64a3a3004825/ruff-0.14.4-py3-none-win32.whl", hash = "sha256:643b69cb63cd996f1fc7229da726d07ac307eae442dd8974dbc7cf22c1e18fff", size = 12493429, upload-time = "2025-11-06T22:07:38.43Z" },
    { url = "https://files.pythonhosted.org/packages/bc/22/e58c43e641145a2b670328fb98bc384e20679b5774258b1e540207580266/ruff-0.14.4-py3-none-win_amd64.whl", hash = "sha256:26673da283b96fe35fa0c939bf8411abec47111644aa9f7cfbd3c573fb125d2c", size = 13635380, upload-time = "2025-11-06T22:07:40.496Z" },
    { url = "https://files.pythonhosted.org/packages/30/bd/4168a751ddbbf43e86544b4de8b5c3b7be8d7167a2a5cb977d274e04f0a1/ruff-0.14.4-py3-none-win_arm64.whl", hash = "sha256:dd09c292479596b0e6fec8cd95c65c3a6dc68e9ad17b8f2382130f87ff6a75bb", size = 12663065, upload-time = "2025-11-06T22:07:42.603Z" },
]

[[package]]
name = "setuptools"
version = "75.3.2"
source = { registry = "https://pypi.org/simple" }
resolution-markers = [
    "python_full_version < '3.9'",
]
sdist = { url = "https://files.pythonhosted.org/packages/5c/01/771ea46cce201dd42cff043a5eea929d1c030fb3d1c2ee2729d02ca7814c/setuptools-75.3.2.tar.gz", hash = "sha256:3c1383e1038b68556a382c1e8ded8887cd20141b0eb5708a6c8d277de49364f5", size = 1354489, upload-time = "2025-03-12T00:02:19.004Z" }
wheels = [
    { url = "https://files.pythonhosted.org/packages/15/65/3f0dba35760d902849d39d38c0a72767794b1963227b69a587f8a336d08c/setuptools-75.3.2-py3-none-any.whl", hash = "sha256:90ab613b6583fc02d5369cbca13ea26ea0e182d1df2d943ee9cbe81d4c61add9", size = 1251198, upload-time = "2025-03-12T00:02:17.554Z" },
]

[[package]]
name = "setuptools"
version = "80.9.0"
source = { registry = "https://pypi.org/simple" }
resolution-markers = [
    "python_full_version >= '3.10'",
    "python_full_version == '3.9.*'",
]
sdist = { url = "https://files.pythonhosted.org/packages/18/5d/3bf57dcd21979b887f014ea83c24ae194cfcd12b9e0fda66b957c69d1fca/setuptools-80.9.0.tar.gz", hash = "sha256:f36b47402ecde768dbfafc46e8e4207b4360c654f1f3bb84475f0a28628fb19c", size = 1319958, upload-time = "2025-05-27T00:56:51.443Z" }
wheels = [
    { url = "https://files.pythonhosted.org/packages/a3/dc/17031897dae0efacfea57dfd3a82fdd2a2aeb58e0ff71b77b87e44edc772/setuptools-80.9.0-py3-none-any.whl", hash = "sha256:062d34222ad13e0cc312a4c02d73f059e86a4acbfbdea8f8f76b28c99f306922", size = 1201486, upload-time = "2025-05-27T00:56:49.664Z" },
]

[[package]]
name = "shtab"
version = "1.7.2"
source = { registry = "https://pypi.org/simple" }
sdist = { url = "https://files.pythonhosted.org/packages/5a/3e/837067b970c1d2ffa936c72f384a63fdec4e186b74da781e921354a94024/shtab-1.7.2.tar.gz", hash = "sha256:8c16673ade76a2d42417f03e57acf239bfb5968e842204c17990cae357d07d6f", size = 45751, upload-time = "2025-04-12T20:28:03.271Z" }
wheels = [
    { url = "https://files.pythonhosted.org/packages/74/03/3271b7bb470fbab4adf5bd30b0d32143909d96f3608d815b447357f47f2b/shtab-1.7.2-py3-none-any.whl", hash = "sha256:858a5805f6c137bb0cda4f282d27d08fd44ca487ab4a6a36d2a400263cd0b5c1", size = 14214, upload-time = "2025-04-12T20:28:01.82Z" },
]

[[package]]
name = "typeguard"
version = "4.4.0"
source = { registry = "https://pypi.org/simple" }
resolution-markers = [
    "python_full_version < '3.9'",
]
dependencies = [
    { name = "importlib-metadata", version = "8.5.0", source = { registry = "https://pypi.org/simple" }, marker = "python_full_version < '3.9'" },
    { name = "typing-extensions", version = "4.13.2", source = { registry = "https://pypi.org/simple" }, marker = "python_full_version < '3.9'" },
]
sdist = { url = "https://files.pythonhosted.org/packages/79/5a/91b7c8cfc2e96962442abc9d65c650436dd831910b4d7878980d6596fb98/typeguard-4.4.0.tar.gz", hash = "sha256:463bd8697a65a4aa576a63767c369b1ecfba8a5ba735edfe3223127b6ecfa28c", size = 74399, upload-time = "2024-10-27T10:58:12.977Z" }
wheels = [
    { url = "https://files.pythonhosted.org/packages/61/a3/00203767544b597a9e3c57b29a84967b3230f00bdd9aa6a52a73187043b4/typeguard-4.4.0-py3-none-any.whl", hash = "sha256:8ca34c14043f53b2caae7040549ba431770869bcd6287cfa8239db7ecb882b4a", size = 35736, upload-time = "2024-10-27T10:58:11.149Z" },
]

[[package]]
name = "typeguard"
version = "4.4.4"
source = { registry = "https://pypi.org/simple" }
resolution-markers = [
    "python_full_version >= '3.10'",
    "python_full_version == '3.9.*'",
]
dependencies = [
    { name = "importlib-metadata", version = "8.7.0", source = { registry = "https://pypi.org/simple" }, marker = "python_full_version == '3.9.*'" },
    { name = "typing-extensions", version = "4.15.0", source = { registry = "https://pypi.org/simple" }, marker = "python_full_version >= '3.9'" },
]
sdist = { url = "https://files.pythonhosted.org/packages/c7/68/71c1a15b5f65f40e91b65da23b8224dad41349894535a97f63a52e462196/typeguard-4.4.4.tar.gz", hash = "sha256:3a7fd2dffb705d4d0efaed4306a704c89b9dee850b688f060a8b1615a79e5f74", size = 75203, upload-time = "2025-06-18T09:56:07.624Z" }
wheels = [
    { url = "https://files.pythonhosted.org/packages/1b/a9/e3aee762739c1d7528da1c3e06d518503f8b6c439c35549b53735ba52ead/typeguard-4.4.4-py3-none-any.whl", hash = "sha256:b5f562281b6bfa1f5492470464730ef001646128b180769880468bd84b68b09e", size = 34874, upload-time = "2025-06-18T09:56:05.999Z" },
]

[[package]]
name = "typing-extensions"
version = "4.13.2"
source = { registry = "https://pypi.org/simple" }
resolution-markers = [
    "python_full_version < '3.9'",
]
sdist = { url = "https://files.pythonhosted.org/packages/f6/37/23083fcd6e35492953e8d2aaaa68b860eb422b34627b13f2ce3eb6106061/typing_extensions-4.13.2.tar.gz", hash = "sha256:e6c81219bd689f51865d9e372991c540bda33a0379d5573cddb9a3a23f7caaef", size = 106967, upload-time = "2025-04-10T14:19:05.416Z" }
wheels = [
    { url = "https://files.pythonhosted.org/packages/8b/54/b1ae86c0973cc6f0210b53d508ca3641fb6d0c56823f288d108bc7ab3cc8/typing_extensions-4.13.2-py3-none-any.whl", hash = "sha256:a439e7c04b49fec3e5d3e2beaa21755cadbbdc391694e28ccdd36ca4a1408f8c", size = 45806, upload-time = "2025-04-10T14:19:03.967Z" },
]

[[package]]
name = "typing-extensions"
version = "4.15.0"
source = { registry = "https://pypi.org/simple" }
resolution-markers = [
    "python_full_version >= '3.10'",
    "python_full_version == '3.9.*'",
]
sdist = { url = "https://files.pythonhosted.org/packages/72/94/1a15dd82efb362ac84269196e94cf00f187f7ed21c242792a923cdb1c61f/typing_extensions-4.15.0.tar.gz", hash = "sha256:0cea48d173cc12fa28ecabc3b837ea3cf6f38c6d1136f85cbaaf598984861466", size = 109391, upload-time = "2025-08-25T13:49:26.313Z" }
wheels = [
    { url = "https://files.pythonhosted.org/packages/18/67/36e9267722cc04a6b9f15c7f3441c2363321a3ea07da7ae0c0707beb2a9c/typing_extensions-4.15.0-py3-none-any.whl", hash = "sha256:f0fa19c6845758ab08074a0cfa8b7aecb71c999ca73d62883bc25cc018c4e548", size = 44614, upload-time = "2025-08-25T13:49:24.86Z" },
]

[[package]]
name = "tyro"
version = "0.9.35"
source = { registry = "https://pypi.org/simple" }
dependencies = [
    { name = "colorama", marker = "sys_platform == 'win32'" },
    { name = "docstring-parser" },
    { name = "eval-type-backport", marker = "python_full_version < '3.10'" },
    { name = "rich" },
    { name = "shtab" },
    { name = "typeguard", version = "4.4.0", source = { registry = "https://pypi.org/simple" }, marker = "python_full_version < '3.9'" },
    { name = "typeguard", version = "4.4.4", source = { registry = "https://pypi.org/simple" }, marker = "python_full_version >= '3.9'" },
    { name = "typing-extensions", version = "4.13.2", source = { registry = "https://pypi.org/simple" }, marker = "python_full_version < '3.9'" },
    { name = "typing-extensions", version = "4.15.0", source = { registry = "https://pypi.org/simple" }, marker = "python_full_version >= '3.9'" },
]
sdist = { url = "https://files.pythonhosted.org/packages/4d/40/7a84e7652f75526b31f45c2565b5db9e9e21d37201fd44bc341ea90edc53/tyro-0.9.35.tar.gz", hash = "sha256:e38dd3528ae6f8fc74e21c7e21ac412d22d237739758d521f470e7a20eb46e92", size = 325648, upload-time = "2025-10-13T08:55:57.631Z" }
wheels = [
    { url = "https://files.pythonhosted.org/packages/bb/bc/943b35b1a139a602a730e56592a3639bf796a87c91eebcd40cc51043ee5b/tyro-0.9.35-py3-none-any.whl", hash = "sha256:82d656389d3041c04dd68542f8ba9b77baf91a4aaaa627cd5c88af3b3dc6a2cd", size = 132641, upload-time = "2025-10-13T08:55:56.54Z" },
]

[[package]]
name = "zipp"
version = "3.20.2"
source = { registry = "https://pypi.org/simple" }
resolution-markers = [
    "python_full_version < '3.9'",
]
sdist = { url = "https://files.pythonhosted.org/packages/54/bf/5c0000c44ebc80123ecbdddba1f5dcd94a5ada602a9c225d84b5aaa55e86/zipp-3.20.2.tar.gz", hash = "sha256:bc9eb26f4506fda01b81bcde0ca78103b6e62f991b381fec825435c836edbc29", size = 24199, upload-time = "2024-09-13T13:44:16.101Z" }
wheels = [
    { url = "https://files.pythonhosted.org/packages/62/8b/5ba542fa83c90e09eac972fc9baca7a88e7e7ca4b221a89251954019308b/zipp-3.20.2-py3-none-any.whl", hash = "sha256:a817ac80d6cf4b23bf7f2828b7cabf326f15a001bea8b1f9b49631780ba28350", size = 9200, upload-time = "2024-09-13T13:44:14.38Z" },
]

[[package]]
name = "zipp"
version = "3.23.0"
source = { registry = "https://pypi.org/simple" }
resolution-markers = [
    "python_full_version == '3.9.*'",
]
sdist = { url = "https://files.pythonhosted.org/packages/e3/02/0f2892c661036d50ede074e376733dca2ae7c6eb617489437771209d4180/zipp-3.23.0.tar.gz", hash = "sha256:a07157588a12518c9d4034df3fbbee09c814741a33ff63c05fa29d26a2404166", size = 25547, upload-time = "2025-06-08T17:06:39.4Z" }
wheels = [
    { url = "https://files.pythonhosted.org/packages/2e/54/647ade08bf0db230bfea292f893923872fd20be6ac6f53b2b936ba839d75/zipp-3.23.0-py3-none-any.whl", hash = "sha256:071652d6115ed432f5ce1d34c336c0adfd6a884660d1e9712a256d3d3bd4b14e", size = 10276, upload-time = "2025-06-08T17:06:38.034Z" },
]
